# @generated - this file is auto-generated by `mise lock` https://mise.jdx.dev/dev-tools/mise-lock.html

[[tools.pnpm]]
version = "11.25.0"
backend = "aqua:pnpm/pnpm"

[tools.pnpm."platforms.linux-arm64"]
checksum = "sha256:6d62b433b7a77b77e814dfaca8032bae57bb79c1a5ad50442e688c4f7fed3c8a"
url = "https://github.com/pnpm/pnpm/releases/download/v11.25.0/pnpm-linux-arm64.tar.gz"
url_api = "https://api.github.com/repos/pnpm/pnpm/releases/assets/535298943"
provenance = "github-attestations"

[tools.pnpm."platforms.linux-arm64-musl"]
checksum = "sha256:d826eaa243bb7b9c7bc21df3fae9ade147c3f0b6f035fa9fa92eef5196d1762e"
url = "https://github.com/pnpm/pnpm/releases/download/v11.25.0/pnpm-linux-arm64-musl.tar.gz"
url_api = "https://api.github.com/repos/pnpm/pnpm/releases/assets/535298947"
provenance = "github-attestations"

[tools.pnpm."platforms.linux-x64"]
checksum = "sha256:11caeed8b581d460638f836f10f6ead19cbf08d774a5b8e502628b20ebf3ac43"
url = "https://github.com/pnpm/pnpm/releases/download/v11.25.0/pnpm-linux-x64.tar.gz"
url_api = "https://api.github.com/repos/pnpm/pnpm/releases/assets/535298945"
provenance = "github-attestations"

[tools.pnpm."platforms.linux-x64-musl"]
checksum = "sha256:2a25fd5614c89d3e8e7c8cabfe9f5f2aba3c4f997fb69e6934ee257dd8753ca5"
url = "https://github.com/pnpm/pnpm/releases/download/v11.25.0/pnpm-linux-x64-musl.tar.gz"
url_api = "https://api.github.com/repos/pnpm/pnpm/releases/assets/535298949"
provenance = "github-attestations"

[tools.pnpm."platforms.macos-arm64"]
checksum = "sha256:cdcf7130ed2e7aa324c7c76ab597de66db0529b6b1e0db9e489bde538fdc0d04"
url = "https://github.com/pnpm/pnpm/releases/download/v11.25.0/pnpm-darwin-arm64.tar.gz"
url_api = "https://api.github.com/repos/pnpm/pnpm/releases/assets/535298948"
provenance = "github-attestations"

[tools.pnpm."platforms.windows-x64"]
checksum = "sha256:2d0203af85fc6fbb40f786a2671f175e9119a7c6dfcc4f30b1fa17e0f072c301"
url = "https://github.com/pnpm/pnpm/releases/download/v11.25.0/pnpm-win32-x64.zip"
url_api = "https://api.github.com/repos/pnpm/pnpm/releases/assets/535298950"
provenance = "github-attestations"

[[tools.python]]
version = "3.13.15"
backend = "core:python"

[tools.python."platforms.linux-arm64"]
checksum = "sha256:e5d0df1a6070a8614d808496e5ea28c727480e40ffcce1a94697a067f1690aa8"
url = "https://github.com/astral-sh/python-build-standalone/releases/download/20260825/cpython-3.13.15+20260825-aarch64-unknown-linux-gnu-install_only_stripped.tar.gz"
provenance = "github-attestations"

[tools.python."platforms.linux-arm64-musl"]
checksum = "sha256:37289ba3f47bbd35539b96589f4d406a0657940e78298c66970dd71ec78dfb68"
url = "https://github.com/astral-sh/python-build-standalone/releases/download/20260825/cpython-3.13.15+20260825-aarch64-unknown-linux-musl-install_only_stripped.tar.gz"
provenance = "github-attestations"

[tools.python."platforms.linux-x64"]
checksum = "sha256:8af9a8214c71b2dd698005e39fab87aad02a994330508857da4e6d1ba7e6ddb6"
url = "https://github.com/astral-sh/python-build-standalone/releases/download/20260825/cpython-3.13.15+20260825-x86_64-unknown-linux-gnu-install_only_stripped.tar.gz"
provenance = "github-attestations"

[tools.python."platforms.linux-x64-musl"]
checksum = "sha256:14bf916d2c941cfaf88bb4457e966ed642dacb19d0ddae7f3a2c66cdc6b63354"
url = "https://github.com/astral-sh/python-build-standalone/releases/download/20260825/cpython-3.13.15+20260825-x86_64-unknown-linux-musl-install_only_stripped.tar.gz"
provenance = "github-attestations"

[tools.python."platforms.macos-arm64"]
checksum = "sha256:149038dd0c194c25d4616d7e42a35f67f2edee96412788f74115819b6a4c8548"
url = "https://github.com/astral-sh/python-build-standalone/releases/download/20260825/cpython-3.13.15+20260825-aarch64-apple-darwin-install_only_stripped.tar.gz"
provenance = "github-attestations"

[tools.python."platforms.macos-x64"]
checksum = "sha256:d33d61f7f4982c94216e14a43599c75657b7d0839277fc72bc6dbac53e8229bc"
url = "https://github.com/astral-sh/python-build-standalone/releases/download/20260825/cpython-3.13.15+20260825-x86_64-apple-darwin-install_only_stripped.tar.gz"
provenance = "github-attestations"

[tools.python."platforms.windows-x64"]
checksum = "sha256:c1dc1e267f2a81493ce6e94837263f648f1eb6d0df73a1492469c1fed025ce8f"
url = "https://github.com/astral-sh/python-build-standalone/releases/download/20260825/cpython-3.13.15+20260825-x86_64-pc-windows-msvc-install_only_stripped.tar.gz"
provenance = "github-attestations"

[[tools.upx]]
version = "5.2.1"
backend = "aqua:upx/upx"

[tools.upx."platforms.linux-arm64"]
checksum = "sha256:a72d112c5970a904a31da0b9c84f919bc16b9a311787c12245508544a78c7d36"
url = "https://github.com/upx/upx/releases/download/v5.2.1/upx-5.2.1-arm64_linux.tar.xz"
url_api = "https://api.github.com/repos/upx/upx/releases/assets/532383460"

[tools.upx."platforms.linux-arm64-musl"]
checksum = "sha256:a72d112c5970a904a31da0b9c84f919bc16b9a311787c12245508544a78c7d36"
url = "https://github.com/upx/upx/releases/download/v5.2.1/upx-5.2.1-arm64_linux.tar.xz"
url_api = "https://api.github.com/repos/upx/upx/releases/assets/532383460"

[tools.upx."platforms.linux-x64"]
checksum = "sha256:402162aad30af47e60dbd767fb2e64ca394ace9727ba1f40283641f1d1b91657"
url = "https://github.com/upx/upx/releases/download/v5.2.1/upx-5.2.1-amd64_linux.tar.xz"
url_api = "https://api.github.com/repos/upx/upx/releases/assets/532383358"

[tools.upx."platforms.linux-x64-musl"]
checksum = "sha256:402162aad30af47e60dbd767fb2e64ca394ace9727ba1f40283641f1d1b91657"
url = "https://github.com/upx/upx/releases/download/v5.2.1/upx-5.2.1-amd64_linux.tar.xz"
url_api = "https://api.github.com/repos/upx/upx/releases/assets/532383358"

[tools.upx."platforms.windows-x64"]
checksum = "sha256:eabc6792a347d45e945be7748423e7868fd01b0d2bcaa2f4b1031fd71ff69bda"
url = "https://github.com/upx/upx/releases/download/v5.2.1/upx-5.2.1-win64.zip"
url_api = "https://api.github.com/repos/upx/upx/releases/assets/532383738"

[[tools.uv]]
version = "0.12.7"
backend = "aqua:astral-sh/uv"

[tools.uv."platforms.linux-arm64"]
checksum = "sha256:66393193038dd7eb108abd7a218d9cec04ac70ab98242b0720fa94de19223b7c"
url = "https://github.com/astral-sh/uv/releases/download/0.12.7/uv-aarch64-unknown-linux-gnu.tar.gz"
url_api = "https://api.github.com/repos/astral-sh/uv/releases/assets/532935189"
provenance = "github-attestations"

[tools.uv."platforms.linux-arm64-musl"]
checksum = "sha256:6dcf60e3c085de88ace3671b949ca99f0652be561ff5627f0d21394140f041db"
url = "https://github.com/astral-sh/uv/releases/download/0.12.7/uv-aarch64-unknown-linux-musl.tar.gz"
url_api = "https://api.github.com/repos/astral-sh/uv/releases/assets/532935192"
provenance = "github-attestations"

[tools.uv."platforms.linux-x64"]
checksum = "sha256:788f18abea7c5f55d6216e4f5613fd89d4d59b631efeec117b2b07fe72f1da21"
url = "https://github.com/astral-sh/uv/releases/download/0.12.7/uv-x86_64-unknown-linux-gnu.tar.gz"
url_api = "https://api.github.com/repos/astral-sh/uv/releases/assets/532935280"
provenance = "github-attestations"

[tools.uv."platforms.linux-x64-musl"]
checksum = "sha256:3d64d44ed67da7908dc7f5c4d64ebb44bad326fa17f8a0a52fc9a7793017bbe1"
url = "https://github.com/astral-sh/uv/releases/download/0.12.7/uv-x86_64-unknown-linux-musl.tar.gz"
url_api = "https://api.github.com/repos/astral-sh/uv/releases/assets/532935287"
provenance = "github-attestations"

[tools.uv."platforms.macos-arm64"]
checksum = "sha256:127ebdda7ad953cdf198e964b570ea5771b85467ea93eb7cb6d6f8e6f55408f3"
url = "https://github.com/astral-sh/uv/releases/download/0.12.7/uv-aarch64-apple-darwin.tar.gz"
url_api = "https://api.github.com/repos/astral-sh/uv/releases/assets/532935178"
provenance = "github-attestations"

[tools.uv."platforms.macos-x64"]
checksum = "sha256:06b8ae1da8c2661c5434507a66f8c2b0b835933bf955b5958a9ac357a37d1959"
url = "https://github.com/astral-sh/uv/releases/download/0.12.7/uv-x86_64-apple-darwin.tar.gz"
url_api = "https://api.github.com/repos/astral-sh/uv/releases/assets/532935264"
provenance = "github-attestations"

[tools.uv."platforms.windows-x64"]
checksum = "sha256:bf1518af459a3915511a11fdc6e2f43ef9a2afa138b9d498eeb9642fe9d85218"
url = "https://github.com/astral-sh/uv/releases/download/0.12.7/uv-x86_64-pc-windows-msvc.zip"
url_api = "https://api.github.com/repos/astral-sh/uv/releases/assets/532935273"
provenance = "github-attestations"
